
Microsoft Visual Studio Solution File, Format Version 12.00
# Visual Studio Version 17
VisualStudioVersion = 17.2.32505.173
MinimumVisualStudioVersion = 10.0.40219.1
Project("{FAE04EC0-301F-11D3-BF4B-00C04F79EFBC}") = "MinimalApis.Playground", "MinimalApis.Playground\MinimalApis.Playground.csproj", "{7D832D48-9F1D-4407-BB41-14B42736D867}"
EndProject
Global
	GlobalSection(SolutionProperties) = preSolution
		HideSolutionNode = FALSE
	EndGlobalSection
	GlobalSection(ExtensibilityGlobals) = postSolution
		SolutionGuid = {41500C0E-4A73-4DE5-9F12-CEC3EFC72249}
	EndGlobalSection
	GlobalSection(SolutionConfigurationPlatforms) = preSolution
		Debug|Any CPU = Debug|Any CPU
		Debug|x64 = Debug|x64
		Debug|x86 = Debug|x86
		Release|Any CPU = Release|Any CPU
		Release|x64 = Release|x64
		Release|x86 = Release|x86
	EndGlobalSection
	GlobalSection(ProjectConfigurationPlatforms) = postSolution
		{7D832D48-9F1D-4407-BB41-14B42736D867}.Debug|Any CPU.ActiveCfg = Debug|Any CPU
		{7D832D48-9F1D-4407-BB41-14B42736D867}.Debug|Any CPU.Build.0 = Debug|Any CPU
		{7D832D48-9F1D-4407-BB41-14B42736D867}.Debug|x64.ActiveCfg = Debug|Any CPU
		{7D832D48-9F1D-4407-BB41-14B42736D867}.Debug|x64.Build.0 = Debug|Any CPU
		{7D832D48-9F1D-4407-BB41-14B42736D867}.Debug|x86.ActiveCfg = Debug|Any CPU
		{7D832D48-9F1D-4407-BB41-14B42736D867}.Debug|x86.Build.0 = Debug|Any CPU
		{7D832D48-9F1D-4407-BB41-14B42736D867}.Release|Any CPU.ActiveCfg = Release|Any CPU
		{7D832D48-9F1D-4407-BB41-14B42736D867}.Release|Any CPU.Build.0 = Release|Any CPU
		{7D832D48-9F1D-4407-BB41-14B42736D867}.Release|x64.ActiveCfg = Release|Any CPU
		{7D832D48-9F1D-4407-BB41-14B42736D867}.Release|x64.Build.0 = Release|Any CPU
		{7D832D48-9F1D-4407-BB41-14B42736D867}.Release|x86.ActiveCfg = Release|Any CPU
		{7D832D48-9F1D-4407-BB41-14B42736D867}.Release|x86.Build.0 = Release|Any CPU
	EndGlobalSection
EndGlobal
